
Microsoft Visual Studio Solution File, Format Version 12.00
Project("{FAE04EC0-301F-11D3-BF4B-00C04F79EFBC}") = "EventHubFramework", "EventHubFramework\EventHubFramework.csproj", "{2B5DEAA0-5D3A-4E14-9B96-35AC8E853B95}"
EndProject
Project("{FAE04EC0-301F-11D3-BF4B-00C04F79EFBC}") = "TestFramework", "TestFramework\TestFramework.csproj", "{F621CA8A-0417-41C3-9369-0EF6ABE11359}"
EndProject
Global
	GlobalSection(SolutionConfigurationPlatforms) = preSolution
		Debug|Any CPU = Debug|Any CPU
		Release|Any CPU = Release|Any CPU
	EndGlobalSection
	GlobalSection(ProjectConfigurationPlatforms) = postSolution
		{2B5DEAA0-5D3A-4E14-9B96-35AC8E853B95}.Debug|Any CPU.ActiveCfg = Debug|Any CPU
		{2B5DEAA0-5D3A-4E14-9B96-35AC8E853B95}.Debug|Any CPU.Build.0 = Debug|Any CPU
		{2B5DEAA0-5D3A-4E14-9B96-35AC8E853B95}.Release|Any CPU.ActiveCfg = Release|Any CPU
		{2B5DEAA0-5D3A-4E14-9B96-35AC8E853B95}.Release|Any CPU.Build.0 = Release|Any CPU
		{F621CA8A-0417-41C3-9369-0EF6ABE11359}.Debug|Any CPU.ActiveCfg = Debug|Any CPU
		{F621CA8A-0417-41C3-9369-0EF6ABE11359}.Debug|Any CPU.Build.0 = Debug|Any CPU
		{F621CA8A-0417-41C3-9369-0EF6ABE11359}.Release|Any CPU.ActiveCfg = Release|Any CPU
		{F621CA8A-0417-41C3-9369-0EF6ABE11359}.Release|Any CPU.Build.0 = Release|Any CPU
	EndGlobalSection
EndGlobal
